
Microsoft Visual Studio Solution File, Format Version 12.00
# Visual Studio Version 17
VisualStudioVersion = 17.0.31903.59
MinimumVisualStudioVersion = 10.0.40219.1
Project("{2150E333-8FDC-42A3-9474-1A3956D46DE8}") = "src", "src", "{EE456321-75DB-475B-97C0-D9A3E4C6AE30}"
EndProject
Project("{FAE04EC0-301F-11D3-BF4B-00C04F79EFBC}") = "RetroDumper.Core", "src\RetroDumper.Core\RetroDumper.Core.csproj", "{26A45E3C-8C96-44E8-B787-8D1786FEBE83}"
EndProject
Project("{FAE04EC0-301F-11D3-BF4B-00C04F79EFBC}") = "RetroDumper.App", "src\RetroDumper.App\RetroDumper.App.csproj", "{2F783509-2962-4462-8FE5-5211BC8DF019}"
EndProject
Project("{2150E333-8FDC-42A3-9474-1A3956D46DE8}") = "tests", "tests", "{C9E0F0D6-6FB2-4EC5-8FDD-A170DFDE18C5}"
EndProject
Project("{FAE04EC0-301F-11D3-BF4B-00C04F79EFBC}") = "RetroDumper.Core.Tests", "tests\RetroDumper.Core.Tests\RetroDumper.Core.Tests.csproj", "{8B10122F-8095-4F16-A4FC-DF81A48EB1E3}"
EndProject
Project("{FAE04EC0-301F-11D3-BF4B-00C04F79EFBC}") = "RetroDumper.Ui", "src\RetroDumper.Ui\RetroDumper.Ui.csproj", "{49B18B51-F65F-4430-BCB9-24894AAFB6E0}"
EndProject
Global
	GlobalSection(SolutionConfigurationPlatforms) = preSolution
		Debug|Any CPU = Debug|Any CPU
		Release|Any CPU = Release|Any CPU
	EndGlobalSection
	GlobalSection(SolutionProperties) = preSolution
		HideSolutionNode = FALSE
	EndGlobalSection
	GlobalSection(ProjectConfigurationPlatforms) = postSolution
		{26A45E3C-8C96-44E8-B787-8D1786FEBE83}.Debug|Any CPU.ActiveCfg = Debug|Any CPU
		{26A45E3C-8C96-44E8-B787-8D1786FEBE83}.Debug|Any CPU.Build.0 = Debug|Any CPU
		{26A45E3C-8C96-44E8-B787-8D1786FEBE83}.Release|Any CPU.ActiveCfg = Release|Any CPU
		{26A45E3C-8C96-44E8-B787-8D1786FEBE83}.Release|Any CPU.Build.0 = Release|Any CPU
		{2F783509-2962-4462-8FE5-5211BC8DF019}.Debug|Any CPU.ActiveCfg = Debug|Any CPU
		{2F783509-2962-4462-8FE5-5211BC8DF019}.Debug|Any CPU.Build.0 = Debug|Any CPU
		{2F783509-2962-4462-8FE5-5211BC8DF019}.Release|Any CPU.ActiveCfg = Release|Any CPU
		{2F783509-2962-4462-8FE5-5211BC8DF019}.Release|Any CPU.Build.0 = Release|Any CPU
		{8B10122F-8095-4F16-A4FC-DF81A48EB1E3}.Debug|Any CPU.ActiveCfg = Debug|Any CPU
		{8B10122F-8095-4F16-A4FC-DF81A48EB1E3}.Debug|Any CPU.Build.0 = Debug|Any CPU
		{8B10122F-8095-4F16-A4FC-DF81A48EB1E3}.Release|Any CPU.ActiveCfg = Release|Any CPU
		{8B10122F-8095-4F16-A4FC-DF81A48EB1E3}.Release|Any CPU.Build.0 = Release|Any CPU
		{49B18B51-F65F-4430-BCB9-24894AAFB6E0}.Debug|Any CPU.ActiveCfg = Debug|Any CPU
		{49B18B51-F65F-4430-BCB9-24894AAFB6E0}.Debug|Any CPU.Build.0 = Debug|Any CPU
		{49B18B51-F65F-4430-BCB9-24894AAFB6E0}.Release|Any CPU.ActiveCfg = Release|Any CPU
		{49B18B51-F65F-4430-BCB9-24894AAFB6E0}.Release|Any CPU.Build.0 = Release|Any CPU
	EndGlobalSection
	GlobalSection(NestedProjects) = preSolution
		{26A45E3C-8C96-44E8-B787-8D1786FEBE83} = {EE456321-75DB-475B-97C0-D9A3E4C6AE30}
		{2F783509-2962-4462-8FE5-5211BC8DF019} = {EE456321-75DB-475B-97C0-D9A3E4C6AE30}
		{8B10122F-8095-4F16-A4FC-DF81A48EB1E3} = {C9E0F0D6-6FB2-4EC5-8FDD-A170DFDE18C5}
		{49B18B51-F65F-4430-BCB9-24894AAFB6E0} = {EE456321-75DB-475B-97C0-D9A3E4C6AE30}
	EndGlobalSection
EndGlobal
